
Microsoft Visual Studio Solution File, Format Version 12.00
# Visual Studio Version 17
VisualStudioVersion = 17.13.35931.197 d17.13
MinimumVisualStudioVersion = 10.0.40219.1
Project("{FAE04EC0-301F-11D3-BF4B-00C04F79EFBC}") = "MauiAppMinhasCompras", "MauiAppMinhasCompras\MauiAppMinhasCompras.csproj", "{D566683D-0B8A-4049-9ED2-B05277155AE8}"
EndProject
Global
	GlobalSection(SolutionConfigurationPlatforms) = preSolution
		Debug|Any CPU = Debug|Any CPU
		Release|Any CPU = Release|Any CPU
	EndGlobalSection
	GlobalSection(ProjectConfigurationPlatforms) = postSolution
		{D566683D-0B8A-4049-9ED2-B05277155AE8}.Debug|Any CPU.ActiveCfg = Debug|Any CPU
		{D566683D-0B8A-4049-9ED2-B05277155AE8}.Debug|Any CPU.Build.0 = Debug|Any CPU
		{D566683D-0B8A-4049-9ED2-B05277155AE8}.Release|Any CPU.ActiveCfg = Release|Any CPU
		{D566683D-0B8A-4049-9ED2-B05277155AE8}.Release|Any CPU.Build.0 = Release|Any CPU
	EndGlobalSection
	GlobalSection(SolutionProperties) = preSolution
		HideSolutionNode = FALSE
	EndGlobalSection
	GlobalSection(ExtensibilityGlobals) = postSolution
		SolutionGuid = {2A2C4945-1C8B-47A1-A7C1-1357ACE6A478}
	EndGlobalSection
EndGlobal
